
Microsoft Visual Studio Solution File, Format Version 12.00
# Visual Studio Version 16
VisualStudioVersion = 16.0.30212.25
MinimumVisualStudioVersion = 10.0.40219.1
Project("{8BC9CEB8-8B4A-11D0-8D11-00A0C91BC942}") = "NativeV1", "Native\NativeV1\NativeV1.vcxproj", "{21F65580-0EC3-4B45-8F13-5B56D839D55A}"
EndProject
Project("{8BC9CEB8-8B4A-11D0-8D11-00A0C91BC942}") = "NativeV2", "Native\NativeV2\NativeV2.vcxproj", "{27BED543-50A2-400F-BB6B-F036DB72C39F}"
EndProject
Project("{2150E333-8FDC-42A3-9474-1A3956D46DE8}") = "NativeLibrary", "NativeLibrary", "{EDD808A2-A088-48D0-952F-F014ADD7BB0E}"
EndProject
Project("{2150E333-8FDC-42A3-9474-1A3956D46DE8}") = "FullFramework", "FullFramework", "{4B07AF24-E015-41F5-8079-5E0EF46D8EA4}"
EndProject
Project("{2150E333-8FDC-42A3-9474-1A3956D46DE8}") = "Core", "Core", "{5147DAF6-2564-4DFD-BCCD-5FF2FDD01899}"
EndProject
Project("{FAE04EC0-301F-11D3-BF4B-00C04F79EFBC}") = "ManagedV1", "FullFramework\ManagedV1\ManagedV1.csproj", "{9DFFD435-702C-4391-945A-4A90F6BA4E03}"
EndProject
Project("{FAE04EC0-301F-11D3-BF4B-00C04F79EFBC}") = "ManagedV2", "FullFramework\ManagedV2\ManagedV2.csproj", "{C98C3B07-4A11-4B7F-A27A-48E283E1D2F4}"
EndProject
Project("{FAE04EC0-301F-11D3-BF4B-00C04F79EFBC}") = "ManagedApp", "FullFramework\ManagedApp\ManagedApp.csproj", "{338AE772-CC42-48A8-BDAD-30C583051FC4}"
EndProject
Project("{FAE04EC0-301F-11D3-BF4B-00C04F79EFBC}") = "PluginsSDK", "PluginsSDK\PluginsSDK.csproj", "{2897BE6A-E3B6-4383-B49B-F7F451B3EB92}"
EndProject
Project("{2150E333-8FDC-42A3-9474-1A3956D46DE8}") = "FullFrameworkBroken", "FullFrameworkBroken", "{E47735E9-7E4F-4070-9047-382DCECB58BF}"
EndProject
Project("{FAE04EC0-301F-11D3-BF4B-00C04F79EFBC}") = "ManagedV2", "FullFrameworkBroken\ManagedV2\ManagedV2.csproj", "{CC345888-CF7D-4081-A5A8-D4C877B211FB}"
EndProject
Project("{FAE04EC0-301F-11D3-BF4B-00C04F79EFBC}") = "ManagedV1", "FullFrameworkBroken\ManagedV1\ManagedV1.csproj", "{52F9BEAC-3B26-436F-998E-97FB71DCD386}"
EndProject
Project("{FAE04EC0-301F-11D3-BF4B-00C04F79EFBC}") = "ManagedApp", "FullFrameworkBroken\ManagedApp\ManagedApp.csproj", "{423127E2-7B09-4548-AF2E-5C014B2D77DD}"
EndProject
Project("{9A19103F-16F7-4668-BE54-9A1E7A4F7556}") = "ManagedV2", "Core\ManagedV2\ManagedV2.csproj", "{3C8D2866-6A52-4468-A299-57E7F889A66D}"
EndProject
Project("{9A19103F-16F7-4668-BE54-9A1E7A4F7556}") = "ManagedV1", "Core\ManagedV1\ManagedV1.csproj", "{2FB42D38-39CB-47C8-A9CB-13588A52BA01}"
EndProject
Project("{9A19103F-16F7-4668-BE54-9A1E7A4F7556}") = "ManagedApp", "Core\ManagedApp\ManagedApp.csproj", "{7E5EAAFA-8182-40DF-A0EE-F1169E698188}"
EndProject
Project("{2150E333-8FDC-42A3-9474-1A3956D46DE8}") = "CoreBroken", "CoreBroken", "{0402BD1E-9A01-478D-B12B-CF7AD83FE474}"
EndProject
Project("{9A19103F-16F7-4668-BE54-9A1E7A4F7556}") = "ManagedV2", "CoreBroken\ManagedV2\ManagedV2.csproj", "{C3E35F1B-5C33-4C03-9FA7-45B90EE4352B}"
EndProject
Project("{9A19103F-16F7-4668-BE54-9A1E7A4F7556}") = "ManagedV1", "CoreBroken\ManagedV1\ManagedV1.csproj", "{D02E593A-3FB3-4CB6-B8FF-94C670F963C3}"
EndProject
Project("{9A19103F-16F7-4668-BE54-9A1E7A4F7556}") = "ManagedApp", "CoreBroken\ManagedApp\ManagedApp.csproj", "{25391266-E095-410E-9ACD-3998A16709AA}"
EndProject
Global
	GlobalSection(SolutionConfigurationPlatforms) = preSolution
		Debug|Any CPU = Debug|Any CPU
		Debug|x64 = Debug|x64
		Debug|x86 = Debug|x86
		Release|Any CPU = Release|Any CPU
		Release|x64 = Release|x64
		Release|x86 = Release|x86
	EndGlobalSection
	GlobalSection(ProjectConfigurationPlatforms) = postSolution
		{21F65580-0EC3-4B45-8F13-5B56D839D55A}.Debug|Any CPU.ActiveCfg = Debug|x64
		{21F65580-0EC3-4B45-8F13-5B56D839D55A}.Debug|Any CPU.Build.0 = Debug|x64
		{21F65580-0EC3-4B45-8F13-5B56D839D55A}.Debug|x64.ActiveCfg = Debug|x64
		{21F65580-0EC3-4B45-8F13-5B56D839D55A}.Debug|x64.Build.0 = Debug|x64
		{21F65580-0EC3-4B45-8F13-5B56D839D55A}.Debug|x86.ActiveCfg = Debug|Win32
		{21F65580-0EC3-4B45-8F13-5B56D839D55A}.Debug|x86.Build.0 = Debug|Win32
		{21F65580-0EC3-4B45-8F13-5B56D839D55A}.Release|Any CPU.ActiveCfg = Release|x64
		{21F65580-0EC3-4B45-8F13-5B56D839D55A}.Release|Any CPU.Build.0 = Release|x64
		{21F65580-0EC3-4B45-8F13-5B56D839D55A}.Release|x64.ActiveCfg = Release|x64
		{21F65580-0EC3-4B45-8F13-5B56D839D55A}.Release|x64.Build.0 = Release|x64
		{21F65580-0EC3-4B45-8F13-5B56D839D55A}.Release|x86.ActiveCfg = Release|Win32
		{21F65580-0EC3-4B45-8F13-5B56D839D55A}.Release|x86.Build.0 = Release|Win32
		{27BED543-50A2-400F-BB6B-F036DB72C39F}.Debug|Any CPU.ActiveCfg = Debug|x64
		{27BED543-50A2-400F-BB6B-F036DB72C39F}.Debug|Any CPU.Build.0 = Debug|x64
		{27BED543-50A2-400F-BB6B-F036DB72C39F}.Debug|x64.ActiveCfg = Debug|x64
		{27BED543-50A2-400F-BB6B-F036DB72C39F}.Debug|x64.Build.0 = Debug|x64
		{27BED543-50A2-400F-BB6B-F036DB72C39F}.Debug|x86.ActiveCfg = Debug|Win32
		{27BED543-50A2-400F-BB6B-F036DB72C39F}.Debug|x86.Build.0 = Debug|Win32
		{27BED543-50A2-400F-BB6B-F036DB72C39F}.Release|Any CPU.ActiveCfg = Release|x64
		{27BED543-50A2-400F-BB6B-F036DB72C39F}.Release|Any CPU.Build.0 = Release|x64
		{27BED543-50A2-400F-BB6B-F036DB72C39F}.Release|x64.ActiveCfg = Release|x64
		{27BED543-50A2-400F-BB6B-F036DB72C39F}.Release|x64.Build.0 = Release|x64
		{27BED543-50A2-400F-BB6B-F036DB72C39F}.Release|x86.ActiveCfg = Release|Win32
		{27BED543-50A2-400F-BB6B-F036DB72C39F}.Release|x86.Build.0 = Release|Win32
		{9DFFD435-702C-4391-945A-4A90F6BA4E03}.Debug|Any CPU.ActiveCfg = Debug|Any CPU
		{9DFFD435-702C-4391-945A-4A90F6BA4E03}.Debug|Any CPU.Build.0 = Debug|Any CPU
		{9DFFD435-702C-4391-945A-4A90F6BA4E03}.Debug|x64.ActiveCfg = Debug|Any CPU
		{9DFFD435-702C-4391-945A-4A90F6BA4E03}.Debug|x64.Build.0 = Debug|Any CPU
		{9DFFD435-702C-4391-945A-4A90F6BA4E03}.Debug|x86.ActiveCfg = Debug|Any CPU
		{9DFFD435-702C-4391-945A-4A90F6BA4E03}.Debug|x86.Build.0 = Debug|Any CPU
		{9DFFD435-702C-4391-945A-4A90F6BA4E03}.Release|Any CPU.ActiveCfg = Release|Any CPU
		{9DFFD435-702C-4391-945A-4A90F6BA4E03}.Release|Any CPU.Build.0 = Release|Any CPU
		{9DFFD435-702C-4391-945A-4A90F6BA4E03}.Release|x64.ActiveCfg = Release|Any CPU
		{9DFFD435-702C-4391-945A-4A90F6BA4E03}.Release|x64.Build.0 = Release|Any CPU
		{9DFFD435-702C-4391-945A-4A90F6BA4E03}.Release|x86.ActiveCfg = Release|Any CPU
		{9DFFD435-702C-4391-945A-4A90F6BA4E03}.Release|x86.Build.0 = Release|Any CPU
		{C98C3B07-4A11-4B7F-A27A-48E283E1D2F4}.Debug|Any CPU.ActiveCfg = Debug|Any CPU
		{C98C3B07-4A11-4B7F-A27A-48E283E1D2F4}.Debug|Any CPU.Build.0 = Debug|Any CPU
		{C98C3B07-4A11-4B7F-A27A-48E283E1D2F4}.Debug|x64.ActiveCfg = Debug|Any CPU
		{C98C3B07-4A11-4B7F-A27A-48E283E1D2F4}.Debug|x64.Build.0 = Debug|Any CPU
		{C98C3B07-4A11-4B7F-A27A-48E283E1D2F4}.Debug|x86.ActiveCfg = Debug|Any CPU
		{C98C3B07-4A11-4B7F-A27A-48E283E1D2F4}.Debug|x86.Build.0 = Debug|Any CPU
		{C98C3B07-4A11-4B7F-A27A-48E283E1D2F4}.Release|Any CPU.ActiveCfg = Release|Any CPU
		{C98C3B07-4A11-4B7F-A27A-48E283E1D2F4}.Release|Any CPU.Build.0 = Release|Any CPU
		{C98C3B07-4A11-4B7F-A27A-48E283E1D2F4}.Release|x64.ActiveCfg = Release|Any CPU
		{C98C3B07-4A11-4B7F-A27A-48E283E1D2F4}.Release|x64.Build.0 = Release|Any CPU
		{C98C3B07-4A11-4B7F-A27A-48E283E1D2F4}.Release|x86.ActiveCfg = Release|Any CPU
		{C98C3B07-4A11-4B7F-A27A-48E283E1D2F4}.Release|x86.Build.0 = Release|Any CPU
		{338AE772-CC42-48A8-BDAD-30C583051FC4}.Debug|Any CPU.ActiveCfg = Debug|Any CPU
		{338AE772-CC42-48A8-BDAD-30C583051FC4}.Debug|Any CPU.Build.0 = Debug|Any CPU
		{338AE772-CC42-48A8-BDAD-30C583051FC4}.Debug|x64.ActiveCfg = Debug|Any CPU
		{338AE772-CC42-48A8-BDAD-30C583051FC4}.Debug|x64.Build.0 = Debug|Any CPU
		{338AE772-CC42-48A8-BDAD-30C583051FC4}.Debug|x86.ActiveCfg = Debug|Any CPU
		{338AE772-CC42-48A8-BDAD-30C583051FC4}.Debug|x86.Build.0 = Debug|Any CPU
		{338AE772-CC42-48A8-BDAD-30C583051FC4}.Release|Any CPU.ActiveCfg = Release|Any CPU
		{338AE772-CC42-48A8-BDAD-30C583051FC4}.Release|Any CPU.Build.0 = Release|Any CPU
		{338AE772-CC42-48A8-BDAD-30C583051FC4}.Release|x64.ActiveCfg = Release|Any CPU
		{338AE772-CC42-48A8-BDAD-30C583051FC4}.Release|x64.Build.0 = Release|Any CPU
		{338AE772-CC42-48A8-BDAD-30C583051FC4}.Release|x86.ActiveCfg = Release|Any CPU
		{338AE772-CC42-48A8-BDAD-30C583051FC4}.Release|x86.Build.0 = Release|Any CPU
		{2897BE6A-E3B6-4383-B49B-F7F451B3EB92}.Debug|Any CPU.ActiveCfg = Debug|Any CPU
		{2897BE6A-E3B6-4383-B49B-F7F451B3EB92}.Debug|Any CPU.Build.0 = Debug|Any CPU
		{2897BE6A-E3B6-4383-B49B-F7F451B3EB92}.Debug|x64.ActiveCfg = Debug|Any CPU
		{2897BE6A-E3B6-4383-B49B-F7F451B3EB92}.Debug|x64.Build.0 = Debug|Any CPU
		{2897BE6A-E3B6-4383-B49B-F7F451B3EB92}.Debug|x86.ActiveCfg = Debug|Any CPU
		{2897BE6A-E3B6-4383-B49B-F7F451B3EB92}.Debug|x86.Build.0 = Debug|Any CPU
		{2897BE6A-E3B6-4383-B49B-F7F451B3EB92}.Release|Any CPU.ActiveCfg = Release|Any CPU
		{2897BE6A-E3B6-4383-B49B-F7F451B3EB92}.Release|Any CPU.Build.0 = Release|Any CPU
		{2897BE6A-E3B6-4383-B49B-F7F451B3EB92}.Release|x64.ActiveCfg = Release|Any CPU
		{2897BE6A-E3B6-4383-B49B-F7F451B3EB92}.Release|x64.Build.0 = Release|Any CPU
		{2897BE6A-E3B6-4383-B49B-F7F451B3EB92}.Release|x86.ActiveCfg = Release|Any CPU
		{2897BE6A-E3B6-4383-B49B-F7F451B3EB92}.Release|x86.Build.0 = Release|Any CPU
		{CC345888-CF7D-4081-A5A8-D4C877B211FB}.Debug|Any CPU.ActiveCfg = Debug|Any CPU
		{CC345888-CF7D-4081-A5A8-D4C877B211FB}.Debug|Any CPU.Build.0 = Debug|Any CPU
		{CC345888-CF7D-4081-A5A8-D4C877B211FB}.Debug|x64.ActiveCfg = Debug|Any CPU
		{CC345888-CF7D-4081-A5A8-D4C877B211FB}.Debug|x64.Build.0 = Debug|Any CPU
		{CC345888-CF7D-4081-A5A8-D4C877B211FB}.Debug|x86.ActiveCfg = Debug|Any CPU
		{CC345888-CF7D-4081-A5A8-D4C877B211FB}.Debug|x86.Build.0 = Debug|Any CPU
		{CC345888-CF7D-4081-A5A8-D4C877B211FB}.Release|Any CPU.ActiveCfg = Release|Any CPU
		{CC345888-CF7D-4081-A5A8-D4C877B211FB}.Release|Any CPU.Build.0 = Release|Any CPU
		{CC345888-CF7D-4081-A5A8-D4C877B211FB}.Release|x64.ActiveCfg = Release|Any CPU
		{CC345888-CF7D-4081-A5A8-D4C877B211FB}.Release|x64.Build.0 = Release|Any CPU
		{CC345888-CF7D-4081-A5A8-D4C877B211FB}.Release|x86.ActiveCfg = Release|Any CPU
		{CC345888-CF7D-4081-A5A8-D4C877B211FB}.Release|x86.Build.0 = Release|Any CPU
		{52F9BEAC-3B26-436F-998E-97FB71DCD386}.Debug|Any CPU.ActiveCfg = Debug|Any CPU
		{52F9BEAC-3B26-436F-998E-97FB71DCD386}.Debug|Any CPU.Build.0 = Debug|Any CPU
		{52F9BEAC-3B26-436F-998E-97FB71DCD386}.Debug|x64.ActiveCfg = Debug|Any CPU
		{52F9BEAC-3B26-436F-998E-97FB71DCD386}.Debug|x64.Build.0 = Debug|Any CPU
		{52F9BEAC-3B26-436F-998E-97FB71DCD386}.Debug|x86.ActiveCfg = Debug|Any CPU
		{52F9BEAC-3B26-436F-998E-97FB71DCD386}.Debug|x86.Build.0 = Debug|Any CPU
		{52F9BEAC-3B26-436F-998E-97FB71DCD386}.Release|Any CPU.ActiveCfg = Release|Any CPU
		{52F9BEAC-3B26-436F-998E-97FB71DCD386}.Release|Any CPU.Build.0 = Release|Any CPU
		{52F9BEAC-3B26-436F-998E-97FB71DCD386}.Release|x64.ActiveCfg = Release|Any CPU
		{52F9BEAC-3B26-436F-998E-97FB71DCD386}.Release|x64.Build.0 = Release|Any CPU
		{52F9BEAC-3B26-436F-998E-97FB71DCD386}.Release|x86.ActiveCfg = Release|Any CPU
		{52F9BEAC-3B26-436F-998E-97FB71DCD386}.Release|x86.Build.0 = Release|Any CPU
		{423127E2-7B09-4548-AF2E-5C014B2D77DD}.Debug|Any CPU.ActiveCfg = Debug|Any CPU
		{423127E2-7B09-4548-AF2E-5C014B2D77DD}.Debug|Any CPU.Build.0 = Debug|Any CPU
		{423127E2-7B09-4548-AF2E-5C014B2D77DD}.Debug|x64.ActiveCfg = Debug|Any CPU
		{423127E2-7B09-4548-AF2E-5C014B2D77DD}.Debug|x64.Build.0 = Debug|Any CPU
		{423127E2-7B09-4548-AF2E-5C014B2D77DD}.Debug|x86.ActiveCfg = Debug|Any CPU
		{423127E2-7B09-4548-AF2E-5C014B2D77DD}.Debug|x86.Build.0 = Debug|Any CPU
		{423127E2-7B09-4548-AF2E-5C014B2D77DD}.Release|Any CPU.ActiveCfg = Release|Any CPU
		{423127E2-7B09-4548-AF2E-5C014B2D77DD}.Release|Any CPU.Build.0 = Release|Any CPU
		{423127E2-7B09-4548-AF2E-5C014B2D77DD}.Release|x64.ActiveCfg = Release|Any CPU
		{423127E2-7B09-4548-AF2E-5C014B2D77DD}.Release|x64.Build.0 = Release|Any CPU
		{423127E2-7B09-4548-AF2E-5C014B2D77DD}.Release|x86.ActiveCfg = Release|Any CPU
		{423127E2-7B09-4548-AF2E-5C014B2D77DD}.Release|x86.Build.0 = Release|Any CPU
		{3C8D2866-6A52-4468-A299-57E7F889A66D}.Debug|Any CPU.ActiveCfg = Debug|Any CPU
		{3C8D2866-6A52-4468-A299-57E7F889A66D}.Debug|Any CPU.Build.0 = Debug|Any CPU
		{3C8D2866-6A52-4468-A299-57E7F889A66D}.Debug|x64.ActiveCfg = Debug|Any CPU
		{3C8D2866-6A52-4468-A299-57E7F889A66D}.Debug|x64.Build.0 = Debug|Any CPU
		{3C8D2866-6A52-4468-A299-57E7F889A66D}.Debug|x86.ActiveCfg = Debug|Any CPU
		{3C8D2866-6A52-4468-A299-57E7F889A66D}.Debug|x86.Build.0 = Debug|Any CPU
		{3C8D2866-6A52-4468-A299-57E7F889A66D}.Release|Any CPU.ActiveCfg = Release|Any CPU
		{3C8D2866-6A52-4468-A299-57E7F889A66D}.Release|Any CPU.Build.0 = Release|Any CPU
		{3C8D2866-6A52-4468-A299-57E7F889A66D}.Release|x64.ActiveCfg = Release|Any CPU
		{3C8D2866-6A52-4468-A299-57E7F889A66D}.Release|x64.Build.0 = Release|Any CPU
		{3C8D2866-6A52-4468-A299-57E7F889A66D}.Release|x86.ActiveCfg = Release|Any CPU
		{3C8D2866-6A52-4468-A299-57E7F889A66D}.Release|x86.Build.0 = Release|Any CPU
		{2FB42D38-39CB-47C8-A9CB-13588A52BA01}.Debug|Any CPU.ActiveCfg = Debug|Any CPU
		{2FB42D38-39CB-47C8-A9CB-13588A52BA01}.Debug|Any CPU.Build.0 = Debug|Any CPU
		{2FB42D38-39CB-47C8-A9CB-13588A52BA01}.Debug|x64.ActiveCfg = Debug|Any CPU
		{2FB42D38-39CB-47C8-A9CB-13588A52BA01}.Debug|x64.Build.0 = Debug|Any CPU
		{2FB42D38-39CB-47C8-A9CB-13588A52BA01}.Debug|x86.ActiveCfg = Debug|Any CPU
		{2FB42D38-39CB-47C8-A9CB-13588A52BA01}.Debug|x86.Build.0 = Debug|Any CPU
		{2FB42D38-39CB-47C8-A9CB-13588A52BA01}.Release|Any CPU.ActiveCfg = Release|Any CPU
		{2FB42D38-39CB-47C8-A9CB-13588A52BA01}.Release|Any CPU.Build.0 = Release|Any CPU
		{2FB42D38-39CB-47C8-A9CB-13588A52BA01}.Release|x64.ActiveCfg = Release|Any CPU
		{2FB42D38-39CB-47C8-A9CB-13588A52BA01}.Release|x64.Build.0 = Release|Any CPU
		{2FB42D38-39CB-47C8-A9CB-13588A52BA01}.Release|x86.ActiveCfg = Release|Any CPU
		{2FB42D38-39CB-47C8-A9CB-13588A52BA01}.Release|x86.Build.0 = Release|Any CPU
		{7E5EAAFA-8182-40DF-A0EE-F1169E698188}.Debug|Any CPU.ActiveCfg = Debug|Any CPU
		{7E5EAAFA-8182-40DF-A0EE-F1169E698188}.Debug|Any CPU.Build.0 = Debug|Any CPU
		{7E5EAAFA-8182-40DF-A0EE-F1169E698188}.Debug|x64.ActiveCfg = Debug|Any CPU
		{7E5EAAFA-8182-40DF-A0EE-F1169E698188}.Debug|x64.Build.0 = Debug|Any CPU
		{7E5EAAFA-8182-40DF-A0EE-F1169E698188}.Debug|x86.ActiveCfg = Debug|Any CPU
		{7E5EAAFA-8182-40DF-A0EE-F1169E698188}.Debug|x86.Build.0 = Debug|Any CPU
		{7E5EAAFA-8182-40DF-A0EE-F1169E698188}.Release|Any CPU.ActiveCfg = Release|Any CPU
		{7E5EAAFA-8182-40DF-A0EE-F1169E698188}.Release|Any CPU.Build.0 = Release|Any CPU
		{7E5EAAFA-8182-40DF-A0EE-F1169E698188}.Release|x64.ActiveCfg = Release|Any CPU
		{7E5EAAFA-8182-40DF-A0EE-F1169E698188}.Release|x64.Build.0 = Release|Any CPU
		{7E5EAAFA-8182-40DF-A0EE-F1169E698188}.Release|x86.ActiveCfg = Release|Any CPU
		{7E5EAAFA-8182-40DF-A0EE-F1169E698188}.Release|x86.Build.0 = Release|Any CPU
		{C3E35F1B-5C33-4C03-9FA7-45B90EE4352B}.Debug|Any CPU.ActiveCfg = Debug|Any CPU
		{C3E35F1B-5C33-4C03-9FA7-45B90EE4352B}.Debug|Any CPU.Build.0 = Debug|Any CPU
		{C3E35F1B-5C33-4C03-9FA7-45B90EE4352B}.Debug|x64.ActiveCfg = Debug|Any CPU
		{C3E35F1B-5C33-4C03-9FA7-45B90EE4352B}.Debug|x64.Build.0 = Debug|Any CPU
		{C3E35F1B-5C33-4C03-9FA7-45B90EE4352B}.Debug|x86.ActiveCfg = Debug|Any CPU
		{C3E35F1B-5C33-4C03-9FA7-45B90EE4352B}.Debug|x86.Build.0 = Debug|Any CPU
		{C3E35F1B-5C33-4C03-9FA7-45B90EE4352B}.Release|Any CPU.ActiveCfg = Release|Any CPU
		{C3E35F1B-5C33-4C03-9FA7-45B90EE4352B}.Release|Any CPU.Build.0 = Release|Any CPU
		{C3E35F1B-5C33-4C03-9FA7-45B90EE4352B}.Release|x64.ActiveCfg = Release|Any CPU
		{C3E35F1B-5C33-4C03-9FA7-45B90EE4352B}.Release|x64.Build.0 = Release|Any CPU
		{C3E35F1B-5C33-4C03-9FA7-45B90EE4352B}.Release|x86.ActiveCfg = Release|Any CPU
		{C3E35F1B-5C33-4C03-9FA7-45B90EE4352B}.Release|x86.Build.0 = Release|Any CPU
		{D02E593A-3FB3-4CB6-B8FF-94C670F963C3}.Debug|Any CPU.ActiveCfg = Debug|Any CPU
		{D02E593A-3FB3-4CB6-B8FF-94C670F963C3}.Debug|Any CPU.Build.0 = Debug|Any CPU
		{D02E593A-3FB3-4CB6-B8FF-94C670F963C3}.Debug|x64.ActiveCfg = Debug|Any CPU
		{D02E593A-3FB3-4CB6-B8FF-94C670F963C3}.Debug|x64.Build.0 = Debug|Any CPU
		{D02E593A-3FB3-4CB6-B8FF-94C670F963C3}.Debug|x86.ActiveCfg = Debug|Any CPU
		{D02E593A-3FB3-4CB6-B8FF-94C670F963C3}.Debug|x86.Build.0 = Debug|Any CPU
		{D02E593A-3FB3-4CB6-B8FF-94C670F963C3}.Release|Any CPU.ActiveCfg = Release|Any CPU
		{D02E593A-3FB3-4CB6-B8FF-94C670F963C3}.Release|Any CPU.Build.0 = Release|Any CPU
		{D02E593A-3FB3-4CB6-B8FF-94C670F963C3}.Release|x64.ActiveCfg = Release|Any CPU
		{D02E593A-3FB3-4CB6-B8FF-94C670F963C3}.Release|x64.Build.0 = Release|Any CPU
		{D02E593A-3FB3-4CB6-B8FF-94C670F963C3}.Release|x86.ActiveCfg = Release|Any CPU
		{D02E593A-3FB3-4CB6-B8FF-94C670F963C3}.Release|x86.Build.0 = Release|Any CPU
		{25391266-E095-410E-9ACD-3998A16709AA}.Debug|Any CPU.ActiveCfg = Debug|Any CPU
		{25391266-E095-410E-9ACD-3998A16709AA}.Debug|Any CPU.Build.0 = Debug|Any CPU
		{25391266-E095-410E-9ACD-3998A16709AA}.Debug|x64.ActiveCfg = Debug|Any CPU
		{25391266-E095-410E-9ACD-3998A16709AA}.Debug|x64.Build.0 = Debug|Any CPU
		{25391266-E095-410E-9ACD-3998A16709AA}.Debug|x86.ActiveCfg = Debug|Any CPU
		{25391266-E095-410E-9ACD-3998A16709AA}.Debug|x86.Build.0 = Debug|Any CPU
		{25391266-E095-410E-9ACD-3998A16709AA}.Release|Any CPU.ActiveCfg = Release|Any CPU
		{25391266-E095-410E-9ACD-3998A16709AA}.Release|Any CPU.Build.0 = Release|Any CPU
		{25391266-E095-410E-9ACD-3998A16709AA}.Release|x64.ActiveCfg = Release|Any CPU
		{25391266-E095-410E-9ACD-3998A16709AA}.Release|x64.Build.0 = Release|Any CPU
		{25391266-E095-410E-9ACD-3998A16709AA}.Release|x86.ActiveCfg = Release|Any CPU
		{25391266-E095-410E-9ACD-3998A16709AA}.Release|x86.Build.0 = Release|Any CPU
	EndGlobalSection
	GlobalSection(SolutionProperties) = preSolution
		HideSolutionNode = FALSE
	EndGlobalSection
	GlobalSection(NestedProjects) = preSolution
		{21F65580-0EC3-4B45-8F13-5B56D839D55A} = {EDD808A2-A088-48D0-952F-F014ADD7BB0E}
		{27BED543-50A2-400F-BB6B-F036DB72C39F} = {EDD808A2-A088-48D0-952F-F014ADD7BB0E}
		{9DFFD435-702C-4391-945A-4A90F6BA4E03} = {4B07AF24-E015-41F5-8079-5E0EF46D8EA4}
		{C98C3B07-4A11-4B7F-A27A-48E283E1D2F4} = {4B07AF24-E015-41F5-8079-5E0EF46D8EA4}
		{338AE772-CC42-48A8-BDAD-30C583051FC4} = {4B07AF24-E015-41F5-8079-5E0EF46D8EA4}
		{CC345888-CF7D-4081-A5A8-D4C877B211FB} = {E47735E9-7E4F-4070-9047-382DCECB58BF}
		{52F9BEAC-3B26-436F-998E-97FB71DCD386} = {E47735E9-7E4F-4070-9047-382DCECB58BF}
		{423127E2-7B09-4548-AF2E-5C014B2D77DD} = {E47735E9-7E4F-4070-9047-382DCECB58BF}
		{3C8D2866-6A52-4468-A299-57E7F889A66D} = {5147DAF6-2564-4DFD-BCCD-5FF2FDD01899}
		{2FB42D38-39CB-47C8-A9CB-13588A52BA01} = {5147DAF6-2564-4DFD-BCCD-5FF2FDD01899}
		{7E5EAAFA-8182-40DF-A0EE-F1169E698188} = {5147DAF6-2564-4DFD-BCCD-5FF2FDD01899}
		{C3E35F1B-5C33-4C03-9FA7-45B90EE4352B} = {0402BD1E-9A01-478D-B12B-CF7AD83FE474}
		{D02E593A-3FB3-4CB6-B8FF-94C670F963C3} = {0402BD1E-9A01-478D-B12B-CF7AD83FE474}
		{25391266-E095-410E-9ACD-3998A16709AA} = {0402BD1E-9A01-478D-B12B-CF7AD83FE474}
	EndGlobalSection
	GlobalSection(ExtensibilityGlobals) = postSolution
		SolutionGuid = {441DEE36-7F58-4183-9A20-129CB734C04E}
	EndGlobalSection
EndGlobal
